{
  "name": "Portfolio",
  "lockfileVersion": 3,
  "requires": true,
  "packages": {
    "": {
      "dependencies": {
        "tegaki": "^0.15.0"
      }
    },
    "node_modules/tegaki": {
      "version": "0.15.0",
      "resolved": "https://registry.npmjs.org/tegaki/-/tegaki-0.15.0.tgz",
      "integrity": "sha512-49iGyhUTM8Zh49GR+UD6tyV3yUHKU8hyOWaR55s7mJl6OrTKU4xI0Zk0bIjR55aJXDEDWDKLYncmtE70NX4YKQ==",
      "license": "MIT",
      "peerDependencies": {
        "@nuxt/kit": "^3.0.0 || ^4.0.0",
        "react": ">=18",
        "solid-js": ">=1",
        "svelte": ">=5",
        "vue": ">=3"
      },
      "peerDependenciesMeta": {
        "@nuxt/kit": {
          "optional": true
        },
        "react": {
          "optional": true
        },
        "solid-js": {
          "optional": true
        },
        "svelte": {
          "optional": true
        },
        "vue": {
          "optional": true
        }
      }
    }
  }
}
